
Microsoft Visual Studio Solution File, Format Version 12.00
# Visual Studio Version 17
VisualStudioVersion = 17.3.32929.385
MinimumVisualStudioVersion = 10.0.40219.1
Project("{FAE04EC0-301F-11D3-BF4B-00C04F79EFBC}") = "EstruruturaRepeticaoWhile", "EstruruturaRepeticaoWhile\EstruruturaRepeticaoWhile.csproj", "{5249C499-2AB3-44C6-B275-9F010B97230A}"
EndProject
Global
	GlobalSection(SolutionConfigurationPlatforms) = preSolution
		Debug|Any CPU = Debug|Any CPU
		Release|Any CPU = Release|Any CPU
	EndGlobalSection
	GlobalSection(ProjectConfigurationPlatforms) = postSolution
		{5249C499-2AB3-44C6-B275-9F010B97230A}.Debug|Any CPU.ActiveCfg = Debug|Any CPU
		{5249C499-2AB3-44C6-B275-9F010B97230A}.Debug|Any CPU.Build.0 = Debug|Any CPU
		{5249C499-2AB3-44C6-B275-9F010B97230A}.Release|Any CPU.ActiveCfg = Release|Any CPU
		{5249C499-2AB3-44C6-B275-9F010B97230A}.Release|Any CPU.Build.0 = Release|Any CPU
	EndGlobalSection
	GlobalSection(SolutionProperties) = preSolution
		HideSolutionNode = FALSE
	EndGlobalSection
	GlobalSection(ExtensibilityGlobals) = postSolution
		SolutionGuid = {AC916E65-443C-4487-A56D-4B3D1AAE75CC}
	EndGlobalSection
EndGlobal
